
Microsoft Visual Studio Solution File, Format Version 12.00
# Visual Studio Version 17
VisualStudioVersion = 17.7.34018.315
MinimumVisualStudioVersion = 10.0.40219.1
Project("{FAE04EC0-301F-11D3-BF4B-00C04F79EFBC}") = "PassGen - Pro", "PassGen - Pro.csproj", "{1DF24C21-FA4A-42D2-9DEA-7CDA0007A54F}"
EndProject
Global
	GlobalSection(SolutionConfigurationPlatforms) = preSolution
		Debug|Any CPU = Debug|Any CPU
		Release|Any CPU = Release|Any CPU
	EndGlobalSection
	GlobalSection(ProjectConfigurationPlatforms) = postSolution
		{1DF24C21-FA4A-42D2-9DEA-7CDA0007A54F}.Debug|Any CPU.ActiveCfg = Debug|Any CPU
		{1DF24C21-FA4A-42D2-9DEA-7CDA0007A54F}.Debug|Any CPU.Build.0 = Debug|Any CPU
		{1DF24C21-FA4A-42D2-9DEA-7CDA0007A54F}.Release|Any CPU.ActiveCfg = Release|Any CPU
		{1DF24C21-FA4A-42D2-9DEA-7CDA0007A54F}.Release|Any CPU.Build.0 = Release|Any CPU
	EndGlobalSection
	GlobalSection(SolutionProperties) = preSolution
		HideSolutionNode = FALSE
	EndGlobalSection
	GlobalSection(ExtensibilityGlobals) = postSolution
		SolutionGuid = {812E922A-4FCF-4EF6-A2D0-DA86E74DA6B3}
	EndGlobalSection
EndGlobal
